
Microsoft Visual Studio Solution File, Format Version 12.00
# Visual Studio Version 16
VisualStudioVersion = 16.0.31205.134
MinimumVisualStudioVersion = 10.0.40219.1
Project("{9A19103F-16F7-4668-BE54-9A1E7A4F7556}") = "Survey", "Survey.csproj", "{AAB52AFB-B10E-44E7-8DB8-3FC3AFE8F637}"
EndProject
Project("{FAE04EC0-301F-11D3-BF4B-00C04F79EFBC}") = "Repositories", "..\Repositories\Repositories.csproj", "{923F622D-0DED-4504-8916-B3DE7246A778}"
EndProject
Global
	GlobalSection(SolutionConfigurationPlatforms) = preSolution
		Debug|Any CPU = Debug|Any CPU
		Release|Any CPU = Release|Any CPU
	EndGlobalSection
	GlobalSection(ProjectConfigurationPlatforms) = postSolution
		{AAB52AFB-B10E-44E7-8DB8-3FC3AFE8F637}.Debug|Any CPU.ActiveCfg = Debug|Any CPU
		{AAB52AFB-B10E-44E7-8DB8-3FC3AFE8F637}.Debug|Any CPU.Build.0 = Debug|Any CPU
		{AAB52AFB-B10E-44E7-8DB8-3FC3AFE8F637}.Release|Any CPU.ActiveCfg = Release|Any CPU
		{AAB52AFB-B10E-44E7-8DB8-3FC3AFE8F637}.Release|Any CPU.Build.0 = Release|Any CPU
		{923F622D-0DED-4504-8916-B3DE7246A778}.Debug|Any CPU.ActiveCfg = Debug|Any CPU
		{923F622D-0DED-4504-8916-B3DE7246A778}.Debug|Any CPU.Build.0 = Debug|Any CPU
		{923F622D-0DED-4504-8916-B3DE7246A778}.Release|Any CPU.ActiveCfg = Release|Any CPU
		{923F622D-0DED-4504-8916-B3DE7246A778}.Release|Any CPU.Build.0 = Release|Any CPU
	EndGlobalSection
	GlobalSection(SolutionProperties) = preSolution
		HideSolutionNode = FALSE
	EndGlobalSection
	GlobalSection(ExtensibilityGlobals) = postSolution
		SolutionGuid = {ED94AF67-47FE-4AE9-98E4-0ED84CC28F09}
	EndGlobalSection
EndGlobal
